
Microsoft Visual Studio Solution File, Format Version 12.00
# Visual Studio Version 17
VisualStudioVersion = 17.11.35327.3
MinimumVisualStudioVersion = 10.0.40219.1
Project("{2150E333-8FDC-42A3-9474-1A3956D46DE8}") = "Modules", "Modules", "{CC6F8F14-529E-42CD-8FDB-47B5F12FB6A8}"
EndProject
Project("{2150E333-8FDC-42A3-9474-1A3956D46DE8}") = "Shared", "Shared", "{51BED428-82E8-4A76-9035-0557E81AAAAF}"
EndProject
Project("{2150E333-8FDC-42A3-9474-1A3956D46DE8}") = "Bootstrapper", "Bootstrapper", "{2FB222A7-D93A-4678-99C0-BDB2FA00FA56}"
EndProject
Project("{9A19103F-16F7-4668-BE54-9A1E7A4F7556}") = "Api", "Bootstrapper\Api\Api.csproj", "{DB6EB228-570B-4CFB-B742-D35F9C51EE20}"
EndProject
Project("{2150E333-8FDC-42A3-9474-1A3956D46DE8}") = "Basket", "Basket", "{E18955B2-7BFF-4BAE-BF67-B004648FCE35}"
EndProject
Project("{2150E333-8FDC-42A3-9474-1A3956D46DE8}") = "Catalog", "Catalog", "{FD9ED23F-F193-4589-BC60-DA99933B580B}"
EndProject
Project("{9A19103F-16F7-4668-BE54-9A1E7A4F7556}") = "Catalog", "Modules\Catalog\Catalog\Catalog.csproj", "{F0FB0095-68D6-4E50-8A26-46E3F8A229F9}"
EndProject
Project("{9A19103F-16F7-4668-BE54-9A1E7A4F7556}") = "Basket", "Modules\Basket\Basket\Basket.csproj", "{D4F6245A-6432-4CF2-8080-E78E78707B5E}"
EndProject
Project("{2150E333-8FDC-42A3-9474-1A3956D46DE8}") = "Ordering", "Ordering", "{214FF1BB-44C6-4F59-BA06-A8A84870AB00}"
EndProject
Project("{9A19103F-16F7-4668-BE54-9A1E7A4F7556}") = "Ordering", "Modules\Ordering\Ordering\Ordering.csproj", "{6D0989D7-6DE4-4667-A5BA-CFA9A5154B39}"
EndProject
Project("{9A19103F-16F7-4668-BE54-9A1E7A4F7556}") = "Shared", "Shared\Shared\Shared.csproj", "{EC935981-4B90-40DF-93C7-14FD420DACFE}"
EndProject
Project("{E53339B2-1760-4266-BCC7-CA923CBCF16C}") = "docker-compose", "docker-compose.dcproj", "{91A3223F-72EF-402A-8FBB-B91B21EB0C80}"
EndProject
Project("{FAE04EC0-301F-11D3-BF4B-00C04F79EFBC}") = "Catalog.Contracts", "Modules\Catalog\Catalog.Contracts\Catalog.Contracts.csproj", "{0440E934-0875-4846-91DF-5B01E0A9D32A}"
EndProject
Project("{FAE04EC0-301F-11D3-BF4B-00C04F79EFBC}") = "Shared.Contracts", "Shared\Shared.Contracts\Shared.Contracts.csproj", "{A5371CF2-68C5-42B7-BE46-C599164A6A54}"
EndProject
Project("{FAE04EC0-301F-11D3-BF4B-00C04F79EFBC}") = "Shared.Messaging", "Shared\Shared.Messaging\Shared.Messaging.csproj", "{2AF2F2F3-9B1B-4C7D-903B-5FF444B1F391}"
EndProject
Global
	GlobalSection(SolutionConfigurationPlatforms) = preSolution
		Debug|Any CPU = Debug|Any CPU
		Release|Any CPU = Release|Any CPU
	EndGlobalSection
	GlobalSection(ProjectConfigurationPlatforms) = postSolution
		{DB6EB228-570B-4CFB-B742-D35F9C51EE20}.Debug|Any CPU.ActiveCfg = Debug|Any CPU
		{DB6EB228-570B-4CFB-B742-D35F9C51EE20}.Debug|Any CPU.Build.0 = Debug|Any CPU
		{DB6EB228-570B-4CFB-B742-D35F9C51EE20}.Release|Any CPU.ActiveCfg = Release|Any CPU
		{DB6EB228-570B-4CFB-B742-D35F9C51EE20}.Release|Any CPU.Build.0 = Release|Any CPU
		{F0FB0095-68D6-4E50-8A26-46E3F8A229F9}.Debug|Any CPU.ActiveCfg = Debug|Any CPU
		{F0FB0095-68D6-4E50-8A26-46E3F8A229F9}.Debug|Any CPU.Build.0 = Debug|Any CPU
		{F0FB0095-68D6-4E50-8A26-46E3F8A229F9}.Release|Any CPU.ActiveCfg = Release|Any CPU
		{F0FB0095-68D6-4E50-8A26-46E3F8A229F9}.Release|Any CPU.Build.0 = Release|Any CPU
		{D4F6245A-6432-4CF2-8080-E78E78707B5E}.Debug|Any CPU.ActiveCfg = Debug|Any CPU
		{D4F6245A-6432-4CF2-8080-E78E78707B5E}.Debug|Any CPU.Build.0 = Debug|Any CPU
		{D4F6245A-6432-4CF2-8080-E78E78707B5E}.Release|Any CPU.ActiveCfg = Release|Any CPU
		{D4F6245A-6432-4CF2-8080-E78E78707B5E}.Release|Any CPU.Build.0 = Release|Any CPU
		{6D0989D7-6DE4-4667-A5BA-CFA9A5154B39}.Debug|Any CPU.ActiveCfg = Debug|Any CPU
		{6D0989D7-6DE4-4667-A5BA-CFA9A5154B39}.Debug|Any CPU.Build.0 = Debug|Any CPU
		{6D0989D7-6DE4-4667-A5BA-CFA9A5154B39}.Release|Any CPU.ActiveCfg = Release|Any CPU
		{6D0989D7-6DE4-4667-A5BA-CFA9A5154B39}.Release|Any CPU.Build.0 = Release|Any CPU
		{EC935981-4B90-40DF-93C7-14FD420DACFE}.Debug|Any CPU.ActiveCfg = Debug|Any CPU
		{EC935981-4B90-40DF-93C7-14FD420DACFE}.Debug|Any CPU.Build.0 = Debug|Any CPU
		{EC935981-4B90-40DF-93C7-14FD420DACFE}.Release|Any CPU.ActiveCfg = Release|Any CPU
		{EC935981-4B90-40DF-93C7-14FD420DACFE}.Release|Any CPU.Build.0 = Release|Any CPU
		{91A3223F-72EF-402A-8FBB-B91B21EB0C80}.Debug|Any CPU.ActiveCfg = Debug|Any CPU
		{91A3223F-72EF-402A-8FBB-B91B21EB0C80}.Debug|Any CPU.Build.0 = Debug|Any CPU
		{91A3223F-72EF-402A-8FBB-B91B21EB0C80}.Release|Any CPU.ActiveCfg = Release|Any CPU
		{91A3223F-72EF-402A-8FBB-B91B21EB0C80}.Release|Any CPU.Build.0 = Release|Any CPU
		{0440E934-0875-4846-91DF-5B01E0A9D32A}.Debug|Any CPU.ActiveCfg = Debug|Any CPU
		{0440E934-0875-4846-91DF-5B01E0A9D32A}.Debug|Any CPU.Build.0 = Debug|Any CPU
		{0440E934-0875-4846-91DF-5B01E0A9D32A}.Release|Any CPU.ActiveCfg = Release|Any CPU
		{0440E934-0875-4846-91DF-5B01E0A9D32A}.Release|Any CPU.Build.0 = Release|Any CPU
		{A5371CF2-68C5-42B7-BE46-C599164A6A54}.Debug|Any CPU.ActiveCfg = Debug|Any CPU
		{A5371CF2-68C5-42B7-BE46-C599164A6A54}.Debug|Any CPU.Build.0 = Debug|Any CPU
		{A5371CF2-68C5-42B7-BE46-C599164A6A54}.Release|Any CPU.ActiveCfg = Release|Any CPU
		{A5371CF2-68C5-42B7-BE46-C599164A6A54}.Release|Any CPU.Build.0 = Release|Any CPU
		{2AF2F2F3-9B1B-4C7D-903B-5FF444B1F391}.Debug|Any CPU.ActiveCfg = Debug|Any CPU
		{2AF2F2F3-9B1B-4C7D-903B-5FF444B1F391}.Debug|Any CPU.Build.0 = Debug|Any CPU
		{2AF2F2F3-9B1B-4C7D-903B-5FF444B1F391}.Release|Any CPU.ActiveCfg = Release|Any CPU
		{2AF2F2F3-9B1B-4C7D-903B-5FF444B1F391}.Release|Any CPU.Build.0 = Release|Any CPU
	EndGlobalSection
	GlobalSection(SolutionProperties) = preSolution
		HideSolutionNode = FALSE
	EndGlobalSection
	GlobalSection(NestedProjects) = preSolution
		{DB6EB228-570B-4CFB-B742-D35F9C51EE20} = {2FB222A7-D93A-4678-99C0-BDB2FA00FA56}
		{E18955B2-7BFF-4BAE-BF67-B004648FCE35} = {CC6F8F14-529E-42CD-8FDB-47B5F12FB6A8}
		{FD9ED23F-F193-4589-BC60-DA99933B580B} = {CC6F8F14-529E-42CD-8FDB-47B5F12FB6A8}
		{F0FB0095-68D6-4E50-8A26-46E3F8A229F9} = {FD9ED23F-F193-4589-BC60-DA99933B580B}
		{D4F6245A-6432-4CF2-8080-E78E78707B5E} = {E18955B2-7BFF-4BAE-BF67-B004648FCE35}
		{214FF1BB-44C6-4F59-BA06-A8A84870AB00} = {CC6F8F14-529E-42CD-8FDB-47B5F12FB6A8}
		{6D0989D7-6DE4-4667-A5BA-CFA9A5154B39} = {214FF1BB-44C6-4F59-BA06-A8A84870AB00}
		{EC935981-4B90-40DF-93C7-14FD420DACFE} = {51BED428-82E8-4A76-9035-0557E81AAAAF}
		{0440E934-0875-4846-91DF-5B01E0A9D32A} = {FD9ED23F-F193-4589-BC60-DA99933B580B}
		{A5371CF2-68C5-42B7-BE46-C599164A6A54} = {51BED428-82E8-4A76-9035-0557E81AAAAF}
		{2AF2F2F3-9B1B-4C7D-903B-5FF444B1F391} = {51BED428-82E8-4A76-9035-0557E81AAAAF}
	EndGlobalSection
	GlobalSection(ExtensibilityGlobals) = postSolution
		SolutionGuid = {9616FD8D-796D-46F6-9408-E412FA262000}
	EndGlobalSection
EndGlobal
